# THIS IS AN AUTOGENERATED FILE. DO NOT EDIT THIS FILE DIRECTLY.
# yarn lockfile v1


commander@^2.15.1:
  version "2.19.0"
  resolved "https://registry.yarnpkg.com/commander/-/commander-2.19.0.tgz#f6198aa84e5b83c46054b94ddedbfed5ee9ff12a"
  integrity sha512-6tvAOO+D6OENvRAh524Dh9jcfKTYDQAqvqezbCW82xj5X0pSrcpxtvRKHLG0yBY6SD7PSDrJaj+0AiOcKVd1Xg==

faker@^4.1.0:
  version "4.1.0"
  resolved "https://registry.yarnpkg.com/faker/-/faker-4.1.0.tgz#1e45bbbecc6774b3c195fad2835109c6d748cc3f"
  integrity sha1-HkW7vsxndLPBlfrSg1EJxtdIzD8=

json2csv@^4.3.5:
  version "4.3.5"
  resolved "https://registry.yarnpkg.com/json2csv/-/json2csv-4.3.5.tgz#859c82c361cb12cca64fc012be96bd2c33d4860e"
  integrity sha512-p7h3IFPDIWzXEGnBFa7ksXtDaT5wGC0vZOh0CGgmNkQxOtI4O9AZOQ/XfV9JiWERbh5jubqc3nzXziZ4S763jw==
  dependencies:
    commander "^2.15.1"
    jsonparse "^1.3.1"
    lodash.get "^4.4.2"

jsonparse@^1.3.1:
  version "1.3.1"
  resolved "https://registry.yarnpkg.com/jsonparse/-/jsonparse-1.3.1.tgz#3f4dae4a91fac315f71062f8521cc239f1366280"
  integrity sha1-P02uSpH6wxX3EGL4UhzCOfE2YoA=

lodash.get@^4.4.2:
  version "4.4.2"
  resolved "https://registry.yarnpkg.com/lodash.get/-/lodash.get-4.4.2.tgz#2d177f652fa31e939b4438d5341499dfa3825e99"
  integrity sha1-LRd/ZS+jHpObRDjVNBSZ36OCXpk=
